
Microsoft Visual Studio Solution File, Format Version 12.00
# Visual Studio 15
VisualStudioVersion = 15.0.27703.2026
MinimumVisualStudioVersion = 10.0.40219.1
Project("{FAE04EC0-301F-11D3-BF4B-00C04F79EFBC}") = "FootballFanSite", "FootballFanSite\FootballFanSite.csproj", "{03738533-6568-4DB3-9518-A1B12CD04248}"
EndProject
Global
	GlobalSection(SolutionConfigurationPlatforms) = preSolution
		Debug|Any CPU = Debug|Any CPU
		Release|Any CPU = Release|Any CPU
	EndGlobalSection
	GlobalSection(ProjectConfigurationPlatforms) = postSolution
		{03738533-6568-4DB3-9518-A1B12CD04248}.Debug|Any CPU.ActiveCfg = Debug|Any CPU
		{03738533-6568-4DB3-9518-A1B12CD04248}.Debug|Any CPU.Build.0 = Debug|Any CPU
		{03738533-6568-4DB3-9518-A1B12CD04248}.Release|Any CPU.ActiveCfg = Release|Any CPU
		{03738533-6568-4DB3-9518-A1B12CD04248}.Release|Any CPU.Build.0 = Release|Any CPU
	EndGlobalSection
	GlobalSection(SolutionProperties) = preSolution
		HideSolutionNode = FALSE
	EndGlobalSection
	GlobalSection(ExtensibilityGlobals) = postSolution
		SolutionGuid = {3214E165-7807-438B-BE22-AECDBC6E41C9}
	EndGlobalSection
EndGlobal
